
Microsoft Visual Studio Solution File, Format Version 12.00
# Visual Studio 15
VisualStudioVersion = 15.0.28307.102
MinimumVisualStudioVersion = 10.0.40219.1
Project("{FAE04EC0-301F-11D3-BF4B-00C04F79EFBC}") = "ExpressoApi", "ExpressoApi\ExpressoApi.csproj", "{08EB5AEA-0C04-42D9-82D4-1ACA8C5B2461}"
EndProject
Global
	GlobalSection(SolutionConfigurationPlatforms) = preSolution
		Debug|Any CPU = Debug|Any CPU
		Release|Any CPU = Release|Any CPU
	EndGlobalSection
	GlobalSection(ProjectConfigurationPlatforms) = postSolution
		{08EB5AEA-0C04-42D9-82D4-1ACA8C5B2461}.Debug|Any CPU.ActiveCfg = Debug|Any CPU
		{08EB5AEA-0C04-42D9-82D4-1ACA8C5B2461}.Debug|Any CPU.Build.0 = Debug|Any CPU
		{08EB5AEA-0C04-42D9-82D4-1ACA8C5B2461}.Release|Any CPU.ActiveCfg = Release|Any CPU
		{08EB5AEA-0C04-42D9-82D4-1ACA8C5B2461}.Release|Any CPU.Build.0 = Release|Any CPU
	EndGlobalSection
	GlobalSection(SolutionProperties) = preSolution
		HideSolutionNode = FALSE
	EndGlobalSection
	GlobalSection(ExtensibilityGlobals) = postSolution
		SolutionGuid = {E02A265F-2038-4902-9E08-43B0DA96ADAD}
	EndGlobalSection
EndGlobal
